PODS:
  - CFKit (0.1.3):
    - Masonry (= 1.1.0)
  - Masonry (1.1.0)

DEPENDENCIES:
  - CFKit (from `../`)

SPEC REPOS:
  trunk:
    - Masonry

EXTERNAL SOURCES:
  CFKit:
    :path: "../"

SPEC CHECKSUMS:
  CFKit: 34b558bf16481d934622d0b2bd58ae1bfd911e9d
  Masonry: 678fab65091a9290e40e2832a55e7ab731aad201

PODFILE CHECKSUM: f070db445946078844848a560448d76371fbdc02

COCOAPODS: 1.9.1
